{
  "nodes": {
    "maintainers": {
      "flake": false,
      "locked": {
        "lastModified": 1786089257,
        "narHash": "sha256-HPUEV2D7fSVDvJub6o4KymxTwSk3LRlIvsdRSxalNEQ=",
        "owner": "socheatsok78",
        "repo": "maintainers.nix",
        "rev": "7c4c5d54725f3368df081786cd5acdcee04cc35b",
        "type": "github"
      },
      "original": {
        "owner": "socheatsok78",
        "repo": "maintainers.nix",
        "type": "github"
      }
    },
    "nixpkgs": {
      "locked": {
        "lastModified": 1785301185,
        "narHash": "sha256-eoS3KQTO0aPWXZvIaRbRAzSSHW3l5wdMFXtT1ISfoKA=",
        "owner": "nixos",
        "repo": "nixpkgs",
        "rev": "9bc02893134c733dd85de46ee4fb2fac696b5529",
        "type": "github"
      },
      "original": {
        "owner": "nixos",
        "ref": "nixpkgs-unstable",
        "repo": "nixpkgs",
        "type": "github"
      }
    },
    "root": {
      "inputs": {
        "maintainers": "maintainers",
        "nixpkgs": "nixpkgs"
      }
    }
  },
  "root": "root",
  "version": 7
}
